
Microsoft Visual Studio Solution File, Format Version 12.00
# Visual Studio 14
VisualStudioVersion = 14.0.23107.0
MinimumVisualStudioVersion = 10.0.40219.1
Project("{8BC9CEB8-8B4A-11D0-8D11-00A0C91BC942}") = "AFS打包", "AFS打包\AFS打包.vcxproj", "{6BE48AFB-56A3-4EA5-A87E-7CCDD3B33C2C}"
EndProject
Project("{8BC9CEB8-8B4A-11D0-8D11-00A0C91BC942}") = "bip2png", "bip2png\bip2png.vcxproj", "{2C786C88-3767-4414-B898-7EB6D37BCA61}"
EndProject
Project("{8BC9CEB8-8B4A-11D0-8D11-00A0C91BC942}") = "BIP图片填充", "BIP图片填充\BIP图片填充.vcxproj", "{F795120C-374E-4004-997F-3467F8D7E6C6}"
EndProject
Project("{8BC9CEB8-8B4A-11D0-8D11-00A0C91BC942}") = "BIP文本导出", "BIP文本导出\BIP文本导出.vcxproj", "{190F4847-47D9-4D1A-95A4-56424E84E689}"
EndProject
Project("{8BC9CEB8-8B4A-11D0-8D11-00A0C91BC942}") = "BIP文本导入", "BIP文本导入\BIP文本导入.vcxproj", "{9EAF9046-24CF-414C-8F9A-4C1F893D442B}"
EndProject
Project("{8BC9CEB8-8B4A-11D0-8D11-00A0C91BC942}") = "ETCAFS打包", "ETCAFS打包\ETCAFS打包.vcxproj", "{5825EF46-CCCD-4CB0-9430-18971EC4667C}"
EndProject
Project("{8BC9CEB8-8B4A-11D0-8D11-00A0C91BC942}") = "init填充导入", "init填充导入\init填充导入.vcxproj", "{BB1D7BD5-EC32-48B8-9521-60DF1DF894CE}"
EndProject
Project("{8BC9CEB8-8B4A-11D0-8D11-00A0C91BC942}") = "LZSSPRO", "LZSSPRO\LZSSPRO.vcxproj", "{A657B9C6-2A00-4B07-B7AB-357F1EABC062}"
EndProject
Project("{8BC9CEB8-8B4A-11D0-8D11-00A0C91BC942}") = "png2bip", "png2bip\png2bip.vcxproj", "{34A6C829-2AAC-4A26-BD45-553BEBABE3CC}"
EndProject
Project("{8BC9CEB8-8B4A-11D0-8D11-00A0C91BC942}") = "BIP图片还原", "BIP图片还原\BIP图片还原.vcxproj", "{63494856-CC1B-4E01-8AE3-0EE757C4EA70}"
EndProject
Global
	GlobalSection(SolutionConfigurationPlatforms) = preSolution
		Debug|x64 = Debug|x64
		Debug|x86 = Debug|x86
		Release|x64 = Release|x64
		Release|x86 = Release|x86
	EndGlobalSection
	GlobalSection(ProjectConfigurationPlatforms) = postSolution
		{6BE48AFB-56A3-4EA5-A87E-7CCDD3B33C2C}.Debug|x64.ActiveCfg = Debug|Win32
		{6BE48AFB-56A3-4EA5-A87E-7CCDD3B33C2C}.Debug|x86.ActiveCfg = Debug|Win32
		{6BE48AFB-56A3-4EA5-A87E-7CCDD3B33C2C}.Debug|x86.Build.0 = Debug|Win32
		{6BE48AFB-56A3-4EA5-A87E-7CCDD3B33C2C}.Release|x64.ActiveCfg = Release|Win32
		{6BE48AFB-56A3-4EA5-A87E-7CCDD3B33C2C}.Release|x86.ActiveCfg = Release|Win32
		{6BE48AFB-56A3-4EA5-A87E-7CCDD3B33C2C}.Release|x86.Build.0 = Release|Win32
		{2C786C88-3767-4414-B898-7EB6D37BCA61}.Debug|x64.ActiveCfg = Debug|Win32
		{2C786C88-3767-4414-B898-7EB6D37BCA61}.Debug|x86.ActiveCfg = Debug|Win32
		{2C786C88-3767-4414-B898-7EB6D37BCA61}.Debug|x86.Build.0 = Debug|Win32
		{2C786C88-3767-4414-B898-7EB6D37BCA61}.Release|x64.ActiveCfg = Release|Win32
		{2C786C88-3767-4414-B898-7EB6D37BCA61}.Release|x86.ActiveCfg = Release|Win32
		{2C786C88-3767-4414-B898-7EB6D37BCA61}.Release|x86.Build.0 = Release|Win32
		{F795120C-374E-4004-997F-3467F8D7E6C6}.Debug|x64.ActiveCfg = Debug|Win32
		{F795120C-374E-4004-997F-3467F8D7E6C6}.Debug|x86.ActiveCfg = Debug|Win32
		{F795120C-374E-4004-997F-3467F8D7E6C6}.Debug|x86.Build.0 = Debug|Win32
		{F795120C-374E-4004-997F-3467F8D7E6C6}.Release|x64.ActiveCfg = Release|Win32
		{F795120C-374E-4004-997F-3467F8D7E6C6}.Release|x86.ActiveCfg = Release|Win32
		{F795120C-374E-4004-997F-3467F8D7E6C6}.Release|x86.Build.0 = Release|Win32
		{190F4847-47D9-4D1A-95A4-56424E84E689}.Debug|x64.ActiveCfg = Debug|Win32
		{190F4847-47D9-4D1A-95A4-56424E84E689}.Debug|x86.ActiveCfg = Debug|Win32
		{190F4847-47D9-4D1A-95A4-56424E84E689}.Debug|x86.Build.0 = Debug|Win32
		{190F4847-47D9-4D1A-95A4-56424E84E689}.Release|x64.ActiveCfg = Release|Win32
		{190F4847-47D9-4D1A-95A4-56424E84E689}.Release|x86.ActiveCfg = Release|Win32
		{190F4847-47D9-4D1A-95A4-56424E84E689}.Release|x86.Build.0 = Release|Win32
		{9EAF9046-24CF-414C-8F9A-4C1F893D442B}.Debug|x64.ActiveCfg = Debug|Win32
		{9EAF9046-24CF-414C-8F9A-4C1F893D442B}.Debug|x86.ActiveCfg = Debug|Win32
		{9EAF9046-24CF-414C-8F9A-4C1F893D442B}.Debug|x86.Build.0 = Debug|Win32
		{9EAF9046-24CF-414C-8F9A-4C1F893D442B}.Release|x64.ActiveCfg = Release|Win32
		{9EAF9046-24CF-414C-8F9A-4C1F893D442B}.Release|x86.ActiveCfg = Release|Win32
		{9EAF9046-24CF-414C-8F9A-4C1F893D442B}.Release|x86.Build.0 = Release|Win32
		{5825EF46-CCCD-4CB0-9430-18971EC4667C}.Debug|x64.ActiveCfg = Debug|Win32
		{5825EF46-CCCD-4CB0-9430-18971EC4667C}.Debug|x86.ActiveCfg = Debug|Win32
		{5825EF46-CCCD-4CB0-9430-18971EC4667C}.Debug|x86.Build.0 = Debug|Win32
		{5825EF46-CCCD-4CB0-9430-18971EC4667C}.Release|x64.ActiveCfg = Release|Win32
		{5825EF46-CCCD-4CB0-9430-18971EC4667C}.Release|x86.ActiveCfg = Release|Win32
		{5825EF46-CCCD-4CB0-9430-18971EC4667C}.Release|x86.Build.0 = Release|Win32
		{BB1D7BD5-EC32-48B8-9521-60DF1DF894CE}.Debug|x64.ActiveCfg = Debug|Win32
		{BB1D7BD5-EC32-48B8-9521-60DF1DF894CE}.Debug|x86.ActiveCfg = Debug|Win32
		{BB1D7BD5-EC32-48B8-9521-60DF1DF894CE}.Debug|x86.Build.0 = Debug|Win32
		{BB1D7BD5-EC32-48B8-9521-60DF1DF894CE}.Release|x64.ActiveCfg = Release|Win32
		{BB1D7BD5-EC32-48B8-9521-60DF1DF894CE}.Release|x86.ActiveCfg = Release|Win32
		{BB1D7BD5-EC32-48B8-9521-60DF1DF894CE}.Release|x86.Build.0 = Release|Win32
		{A657B9C6-2A00-4B07-B7AB-357F1EABC062}.Debug|x64.ActiveCfg = Debug|Win32
		{A657B9C6-2A00-4B07-B7AB-357F1EABC062}.Debug|x86.ActiveCfg = Debug|Win32
		{A657B9C6-2A00-4B07-B7AB-357F1EABC062}.Debug|x86.Build.0 = Debug|Win32
		{A657B9C6-2A00-4B07-B7AB-357F1EABC062}.Release|x64.ActiveCfg = Release|Win32
		{A657B9C6-2A00-4B07-B7AB-357F1EABC062}.Release|x86.ActiveCfg = Release|Win32
		{A657B9C6-2A00-4B07-B7AB-357F1EABC062}.Release|x86.Build.0 = Release|Win32
		{34A6C829-2AAC-4A26-BD45-553BEBABE3CC}.Debug|x64.ActiveCfg = Debug|Win32
		{34A6C829-2AAC-4A26-BD45-553BEBABE3CC}.Debug|x86.ActiveCfg = Debug|Win32
		{34A6C829-2AAC-4A26-BD45-553BEBABE3CC}.Debug|x86.Build.0 = Debug|Win32
		{34A6C829-2AAC-4A26-BD45-553BEBABE3CC}.Release|x64.ActiveCfg = Release|Win32
		{34A6C829-2AAC-4A26-BD45-553BEBABE3CC}.Release|x86.ActiveCfg = Release|Win32
		{34A6C829-2AAC-4A26-BD45-553BEBABE3CC}.Release|x86.Build.0 = Release|Win32
		{63494856-CC1B-4E01-8AE3-0EE757C4EA70}.Debug|x64.ActiveCfg = Debug|Win32
		{63494856-CC1B-4E01-8AE3-0EE757C4EA70}.Debug|x86.ActiveCfg = Debug|Win32
		{63494856-CC1B-4E01-8AE3-0EE757C4EA70}.Debug|x86.Build.0 = Debug|Win32
		{63494856-CC1B-4E01-8AE3-0EE757C4EA70}.Release|x64.ActiveCfg = Release|x64
		{63494856-CC1B-4E01-8AE3-0EE757C4EA70}.Release|x64.Build.0 = Release|x64
		{63494856-CC1B-4E01-8AE3-0EE757C4EA70}.Release|x86.ActiveCfg = Release|Win32
		{63494856-CC1B-4E01-8AE3-0EE757C4EA70}.Release|x86.Build.0 = Release|Win32
	EndGlobalSection
	GlobalSection(SolutionProperties) = preSolution
		HideSolutionNode = FALSE
	EndGlobalSection
EndGlobal
